
Microsoft Visual Studio Solution File, Format Version 12.00
# Visual Studio Version 17
VisualStudioVersion = 17.9.34723.18
MinimumVisualStudioVersion = 10.0.40219.1
Project("{FAE04EC0-301F-11D3-BF4B-00C04F79EFBC}") = "ASP NET 01. Mini HTTP Server", "ASP NET 01. Mini HTTP Server\ASP NET 01. Mini HTTP Server.csproj", "{69FAC15B-680F-41E9-92D1-7F19FAA72531}"
EndProject
Project("{2150E333-8FDC-42A3-9474-1A3956D46DE8}") = "ASP NET 01", "ASP NET 01", "{37738608-D77D-4604-804F-DB9770E7827D}"
EndProject
Project("{FAE04EC0-301F-11D3-BF4B-00C04F79EFBC}") = "ASP NET 01. CoR", "ASP NET 01. CoR\ASP NET 01. CoR.csproj", "{2D93A0C2-C6ED-4A3A-BA75-A5894C00B09D}"
EndProject
Project("{FAE04EC0-301F-11D3-BF4B-00C04F79EFBC}") = "ASP NET 01. ASP Example API", "ASP NET 01. ASP Example API\ASP NET 01. ASP Example API.csproj", "{D6010005-BED1-4C0C-A5D1-23E3161E0612}"
EndProject
Project("{FAE04EC0-301F-11D3-BF4B-00C04F79EFBC}") = "ASP NET 01. ASP Example API Old", "ASP NET 01. ASP Example API Old\ASP NET 01. ASP Example API Old.csproj", "{38F237DA-B360-46A7-87DE-5CCBD8057166}"
EndProject
Project("{FAE04EC0-301F-11D3-BF4B-00C04F79EFBC}") = "ASP NET 01. MVC Example", "ASP NET 01. MVC Example\ASP NET 01. MVC Example.csproj", "{2F28B1D1-75B9-459F-B6AF-29A676290E0C}"
EndProject
Global
	GlobalSection(SolutionConfigurationPlatforms) = preSolution
		Debug|Any CPU = Debug|Any CPU
		Release|Any CPU = Release|Any CPU
	EndGlobalSection
	GlobalSection(ProjectConfigurationPlatforms) = postSolution
		{69FAC15B-680F-41E9-92D1-7F19FAA72531}.Debug|Any CPU.ActiveCfg = Debug|Any CPU
		{69FAC15B-680F-41E9-92D1-7F19FAA72531}.Debug|Any CPU.Build.0 = Debug|Any CPU
		{69FAC15B-680F-41E9-92D1-7F19FAA72531}.Release|Any CPU.ActiveCfg = Release|Any CPU
		{69FAC15B-680F-41E9-92D1-7F19FAA72531}.Release|Any CPU.Build.0 = Release|Any CPU
		{2D93A0C2-C6ED-4A3A-BA75-A5894C00B09D}.Debug|Any CPU.ActiveCfg = Debug|Any CPU
		{2D93A0C2-C6ED-4A3A-BA75-A5894C00B09D}.Debug|Any CPU.Build.0 = Debug|Any CPU
		{2D93A0C2-C6ED-4A3A-BA75-A5894C00B09D}.Release|Any CPU.ActiveCfg = Release|Any CPU
		{2D93A0C2-C6ED-4A3A-BA75-A5894C00B09D}.Release|Any CPU.Build.0 = Release|Any CPU
		{D6010005-BED1-4C0C-A5D1-23E3161E0612}.Debug|Any CPU.ActiveCfg = Debug|Any CPU
		{D6010005-BED1-4C0C-A5D1-23E3161E0612}.Debug|Any CPU.Build.0 = Debug|Any CPU
		{D6010005-BED1-4C0C-A5D1-23E3161E0612}.Release|Any CPU.ActiveCfg = Release|Any CPU
		{D6010005-BED1-4C0C-A5D1-23E3161E0612}.Release|Any CPU.Build.0 = Release|Any CPU
		{38F237DA-B360-46A7-87DE-5CCBD8057166}.Debug|Any CPU.ActiveCfg = Debug|Any CPU
		{38F237DA-B360-46A7-87DE-5CCBD8057166}.Debug|Any CPU.Build.0 = Debug|Any CPU
		{38F237DA-B360-46A7-87DE-5CCBD8057166}.Release|Any CPU.ActiveCfg = Release|Any CPU
		{38F237DA-B360-46A7-87DE-5CCBD8057166}.Release|Any CPU.Build.0 = Release|Any CPU
		{2F28B1D1-75B9-459F-B6AF-29A676290E0C}.Debug|Any CPU.ActiveCfg = Debug|Any CPU
		{2F28B1D1-75B9-459F-B6AF-29A676290E0C}.Debug|Any CPU.Build.0 = Debug|Any CPU
		{2F28B1D1-75B9-459F-B6AF-29A676290E0C}.Release|Any CPU.ActiveCfg = Release|Any CPU
		{2F28B1D1-75B9-459F-B6AF-29A676290E0C}.Release|Any CPU.Build.0 = Release|Any CPU
	EndGlobalSection
	GlobalSection(SolutionProperties) = preSolution
		HideSolutionNode = FALSE
	EndGlobalSection
	GlobalSection(NestedProjects) = preSolution
		{69FAC15B-680F-41E9-92D1-7F19FAA72531} = {37738608-D77D-4604-804F-DB9770E7827D}
		{2D93A0C2-C6ED-4A3A-BA75-A5894C00B09D} = {37738608-D77D-4604-804F-DB9770E7827D}
		{D6010005-BED1-4C0C-A5D1-23E3161E0612} = {37738608-D77D-4604-804F-DB9770E7827D}
		{38F237DA-B360-46A7-87DE-5CCBD8057166} = {37738608-D77D-4604-804F-DB9770E7827D}
		{2F28B1D1-75B9-459F-B6AF-29A676290E0C} = {37738608-D77D-4604-804F-DB9770E7827D}
	EndGlobalSection
	GlobalSection(ExtensibilityGlobals) = postSolution
		SolutionGuid = {CD211760-95F4-488E-A4E3-95868447BA2E}
	EndGlobalSection
EndGlobal
