
Microsoft Visual Studio Solution File, Format Version 12.00
# Visual Studio Version 17
VisualStudioVersion = 17.9.34723.18
MinimumVisualStudioVersion = 10.0.40219.1
Project("{9A19103F-16F7-4668-BE54-9A1E7A4F7556}") = "ASP NET 01. Mini HTTP Server", "ASP NET 01. Mini HTTP Server\ASP NET 01. Mini HTTP Server.csproj", "{69FAC15B-680F-41E9-92D1-7F19FAA72531}"
EndProject
Project("{2150E333-8FDC-42A3-9474-1A3956D46DE8}") = "ASP NET 01", "ASP NET 01", "{37738608-D77D-4604-804F-DB9770E7827D}"
EndProject
Project("{9A19103F-16F7-4668-BE54-9A1E7A4F7556}") = "ASP NET 01. CoR", "ASP NET 01. CoR\ASP NET 01. CoR.csproj", "{2D93A0C2-C6ED-4A3A-BA75-A5894C00B09D}"
EndProject
Project("{9A19103F-16F7-4668-BE54-9A1E7A4F7556}") = "ASP NET 01. ASP Example API", "ASP NET 01. ASP Example API\ASP NET 01. ASP Example API.csproj", "{D6010005-BED1-4C0C-A5D1-23E3161E0612}"
EndProject
Project("{9A19103F-16F7-4668-BE54-9A1E7A4F7556}") = "ASP NET 01. ASP Example API Old", "ASP NET 01. ASP Example API Old\ASP NET 01. ASP Example API Old.csproj", "{38F237DA-B360-46A7-87DE-5CCBD8057166}"
EndProject
Project("{9A19103F-16F7-4668-BE54-9A1E7A4F7556}") = "ASP NET 01. MVC Example", "ASP NET 01. MVC Example\ASP NET 01. MVC Example.csproj", "{2F28B1D1-75B9-459F-B6AF-29A676290E0C}"
EndProject
Project("{2150E333-8FDC-42A3-9474-1A3956D46DE8}") = "ASP NET 02", "ASP NET 02", "{B4B8122F-EA4B-45F7-BDBA-912B172D70C5}"
EndProject
Project("{9A19103F-16F7-4668-BE54-9A1E7A4F7556}") = "ASP NET 02. Mini ASP", "ASP NET 02. Mini ASP\ASP NET 02. Mini ASP.csproj", "{356852BF-C7AB-4163-979F-4C09E5279901}"
EndProject
Project("{9A19103F-16F7-4668-BE54-9A1E7A4F7556}") = "ASP NET 02. Dependency Injection", "ASP NET 02. Dependency Injection\ASP NET 02. Dependency Injection.csproj", "{E45F1094-A754-4637-B8F7-D235A911B1FA}"
EndProject
Project("{2150E333-8FDC-42A3-9474-1A3956D46DE8}") = "ASP NET 03", "ASP NET 03", "{91C1C6D4-4DA7-47B6-BA0B-A1137E7E206C}"
EndProject
Project("{9A19103F-16F7-4668-BE54-9A1E7A4F7556}") = "ASP NET 03. Dependency injection - services", "ASP NET 03. Dependency injection - services\ASP NET 03. Dependency injection - services.csproj", "{E836AB94-6DEB-42A8-AD34-249AB8869DB8}"
EndProject
Project("{9A19103F-16F7-4668-BE54-9A1E7A4F7556}") = "ASP NET 03. Razor Pages", "ASP NET 03. Razor Pages\ASP NET 03. Razor Pages.csproj", "{B1A7A7E5-D623-442A-B4C7-3961C9D3BDC8}"
EndProject
Project("{9A19103F-16F7-4668-BE54-9A1E7A4F7556}") = "ASP NET 03. Razor pages Product site", "ASP NET 03. Razor pages Product site\ASP NET 03. Razor pages Product site.csproj", "{D4870ABC-D2DE-43D1-B1DE-9700B5B38CBA}"
EndProject
Project("{2150E333-8FDC-42A3-9474-1A3956D46DE8}") = "ASP NET 04", "ASP NET 04", "{A5DF86CA-42B4-4497-8E07-D7ABCB0754A4}"
EndProject
Project("{9A19103F-16F7-4668-BE54-9A1E7A4F7556}") = "ASO NET 04. Products MVC", "ASO NET 04. Products MVC\ASO NET 04. Products MVC.csproj", "{794B23E1-6E77-432D-B3FF-C8645EEA5CDB}"
EndProject
Project("{9A19103F-16F7-4668-BE54-9A1E7A4F7556}") = "ASP NET 04. Products MVC Scaffold", "ASP NET 04. Products MVC Scaffold\ASP NET 04. Products MVC Scaffold.csproj", "{CC53EA7F-4187-4847-AF0D-71B5F5C98A95}"
EndProject
Project("{2150E333-8FDC-42A3-9474-1A3956D46DE8}") = "ASP NET 05", "ASP NET 05", "{14203AB4-869D-48E4-80CD-6206D1B6AB95}"
EndProject
Project("{9A19103F-16F7-4668-BE54-9A1E7A4F7556}") = "ASP NET 05. HTML Helpers", "ASP NET 05. HTML Helpers\ASP NET 05. HTML Helpers.csproj", "{F05A1097-0508-46E0-87B6-DE2CE7783414}"
EndProject
Project("{2150E333-8FDC-42A3-9474-1A3956D46DE8}") = "ASP NET 06", "ASP NET 06", "{EE24E9D3-E8AD-428C-9019-528F65241A37}"
EndProject
Project("{9A19103F-16F7-4668-BE54-9A1E7A4F7556}") = "ASP NET 06. StudentsApp", "ASP NET 06. StudentsApp\ASP NET 06. StudentsApp.csproj", "{82A0220C-2AAC-4AFD-8745-2808047133D1}"
EndProject
Project("{2150E333-8FDC-42A3-9474-1A3956D46DE8}") = "ASP NET 07", "ASP NET 07", "{6B88DF97-8D87-49C0-A8CF-63F93CA8E9C6}"
EndProject
Project("{9A19103F-16F7-4668-BE54-9A1E7A4F7556}") = "ASP NET 07. ToDo Web API start", "ASP NET 07. ToDo Web API start\ASP NET 07. ToDo Web API start.csproj", "{1F3D5AF4-60FD-4B87-AC30-53842A21847E}"
EndProject
Project("{9A19103F-16F7-4668-BE54-9A1E7A4F7556}") = "ASP NET 07. WEB API - DTO", "ASP NET 07. WEB API - DTO\ASP NET 07. WEB API - DTO.csproj", "{045A6FA4-1712-407B-A1A2-A8CF8208F82E}"
EndProject
Project("{2150E333-8FDC-42A3-9474-1A3956D46DE8}") = "ASP NET 08", "ASP NET 08", "{9642B430-D6ED-476B-9CAD-9DF5A95E7DA0}"
EndProject
Project("{9A19103F-16F7-4668-BE54-9A1E7A4F7556}") = "ASP NET 08. ToDo WEB API Pagination Filters", "ASP NET 08. ToDo WEB API Pagination, Filters\ASP NET 08. ToDo WEB API Pagination Filters.csproj", "{864AD17B-7592-415C-939B-5C6D77368D4E}"
EndProject
Project("{2150E333-8FDC-42A3-9474-1A3956D46DE8}") = "ASP NET 09", "ASP NET 09", "{903EADDD-8EDF-4E73-B53C-9B764C5710EA}"
EndProject
Project("{9A19103F-16F7-4668-BE54-9A1E7A4F7556}") = "ASP NET 09. Authorization JWT Token XML Documentation", "ASP NET 09. Authorization JWT Token XML Documentation\ASP NET 09. Authorization JWT Token XML Documentation.csproj", "{EB60DEE3-A2C3-42B4-A5E2-6AB0F6581FDD}"
EndProject
Project("{2150E333-8FDC-42A3-9474-1A3956D46DE8}") = "ASP NET 11", "ASP NET 11", "{9194C845-B941-4C5D-8DB3-A7387819F8EE}"
EndProject
Project("{9A19103F-16F7-4668-BE54-9A1E7A4F7556}") = "ASP NET 11. Identity", "ASP NET 10. Identity\ASP NET 11. Identity.csproj", "{0F7EAC08-C93E-4833-901C-12F1037ED186}"
EndProject
Project("{2150E333-8FDC-42A3-9474-1A3956D46DE8}") = "ASP NET 12", "ASP NET 12", "{F5069042-D63F-4F05-99DA-2D71DF15F875}"
EndProject
Project("{9A19103F-16F7-4668-BE54-9A1E7A4F7556}") = "ASP NET 12", "ASP NET 12\ASP NET 12.csproj", "{7804B570-0B2A-4E39-B2CE-D648EABF0918}"
EndProject
Project("{2150E333-8FDC-42A3-9474-1A3956D46DE8}") = "ASP NET 15", "ASP NET 15", "{4F83F389-07BF-49AC-A9F8-50875B7FA45C}"
EndProject
Project("{9A19103F-16F7-4668-BE54-9A1E7A4F7556}") = "ASP NET 15. Validation Fluent Validation", "ASP NET 15. Validation, Fluent Validation\ASP NET 15. Validation Fluent Validation.csproj", "{8BE04FE4-7E15-4F8B-97BE-144F6CE65A66}"
EndProject
Project("{9A19103F-16F7-4668-BE54-9A1E7A4F7556}") = "ASP NET 05. Filters", "ASP NET 05. Filters\ASP NET 05. Filters.csproj", "{FD19BF8D-C01D-4367-8471-65903F60853F}"
EndProject
Project("{2150E333-8FDC-42A3-9474-1A3956D46DE8}") = "ASP NET 18", "ASP NET 18", "{2235F580-9C9D-4334-9594-1BC0444D1373}"
EndProject
Project("{9A19103F-16F7-4668-BE54-9A1E7A4F7556}") = "ASP NET 18. Logging", "ASP NET 18. Logging\ASP NET 18. Logging.csproj", "{074FB94B-DE2F-43C4-A5C3-CCFBA0BA87A1}"
EndProject
Project("{2150E333-8FDC-42A3-9474-1A3956D46DE8}") = "ASP NET", "ASP NET", "{D1C39AF6-FD02-48F6-B650-E3FC595A34CC}"
EndProject
Project("{2150E333-8FDC-42A3-9474-1A3956D46DE8}") = "ASP NET 20", "ASP NET 20", "{186B7A34-97B1-4AEB-8CB3-B37A5C760A33}"
EndProject
Project("{9A19103F-16F7-4668-BE54-9A1E7A4F7556}") = "ASP NET 20. Background Services", "ASP NET 20. Background Services\ASP NET 20. Background Services.csproj", "{64B11189-1C5E-49BE-A041-7BED1F2E26CB}"
EndProject
Project("{2150E333-8FDC-42A3-9474-1A3956D46DE8}") = "ASP NET 22", "ASP NET 22", "{EAE8BCFC-D3CB-45C9-B57B-3236FBC44B92}"
EndProject
Project("{9A19103F-16F7-4668-BE54-9A1E7A4F7556}") = "ASP NET 22. Unit Test", "ASP NET 22. Unit Test\ASP NET 22. Unit Test.csproj", "{5A1C03B1-89EB-4839-A805-B648375F367C}"
EndProject
Project("{9A19103F-16F7-4668-BE54-9A1E7A4F7556}") = "ASP NET 22. ToDo WebApi For Unit Test", "ASP NET 22. ToDo WebApi For Unit Test\ASP NET 22. ToDo WebApi For Unit Test.csproj", "{7184614A-B0F1-453A-B7B6-76B1CCCC7AEC}"
EndProject
Project("{2150E333-8FDC-42A3-9474-1A3956D46DE8}") = "ASP NET 23", "ASP NET 23", "{66266AC4-A600-4E57-A83D-51C25250AFC6}"
EndProject
Project("{9A19103F-16F7-4668-BE54-9A1E7A4F7556}") = "ASP NET 23. Clean Code", "ASP NET 23. Clean Code\ASP NET 23. Clean Code.csproj", "{19640C49-B8AE-44FA-A69E-87FC43087529}"
EndProject
Project("{9A19103F-16F7-4668-BE54-9A1E7A4F7556}") = "ASP NET 23. Onion Domain", "ASP NET 23. Onion Domain\ASP NET 23. Onion Domain.csproj", "{97034ABF-03D7-40D2-9CE7-480AB4695C79}"
EndProject
Project("{9A19103F-16F7-4668-BE54-9A1E7A4F7556}") = "ASP NET 23. Onion Application", "ASP NET 23. Onion Application\ASP NET 23. Onion Application.csproj", "{C71BE8CE-C62A-4217-B239-CF7FEFE43D7C}"
EndProject
Project("{9A19103F-16F7-4668-BE54-9A1E7A4F7556}") = "ASP NET 23. Onion Infrastructure", "ASP NET 23. Onion Infrastructure\ASP NET 23. Onion Infrastructure.csproj", "{40BB61DD-9B26-4F91-B24D-AD7C24C761AC}"
EndProject
Project("{9A19103F-16F7-4668-BE54-9A1E7A4F7556}") = "ASP NET 23. Onion Presentation", "ASP NET 23. Onion Presentation\ASP NET 23. Onion Presentation.csproj", "{F50C7679-E9E6-4104-8360-59B3822BC163}"
EndProject
Project("{2150E333-8FDC-42A3-9474-1A3956D46DE8}") = "ASP NET 24", "ASP NET 24", "{D9AD63B3-44D2-4D6F-9672-9378D903180C}"
EndProject
Project("{FAE04EC0-301F-11D3-BF4B-00C04F79EFBC}") = "ASP NET 24. CQRS Example Domain", "ASP NET 24. CQRS Example Domain\ASP NET 24. CQRS Example Domain.csproj", "{6817E5E0-BFCE-45E6-AB14-8E9F662D3406}"
EndProject
Project("{FAE04EC0-301F-11D3-BF4B-00C04F79EFBC}") = "ASP NET 24. CQRS Example Application", "ASP NET 24. CQRS Example Application\ASP NET 24. CQRS Example Application.csproj", "{9FB75AC5-927E-4294-9EA9-9DB877EF02DE}"
EndProject
Project("{FAE04EC0-301F-11D3-BF4B-00C04F79EFBC}") = "ASP NET 24. CQRS Example Infrastructure", "ASP NET 24. CQRS Example Infrastructure\ASP NET 24. CQRS Example Infrastructure.csproj", "{5B3FB2F9-3A44-48CF-9AAD-044DBC365F8B}"
EndProject
Project("{FAE04EC0-301F-11D3-BF4B-00C04F79EFBC}") = "ASP NET 24. CQRS Example Presentation", "ASP NET 24. CQRS Example Presentation\ASP NET 24. CQRS Example Presentation.csproj", "{8B3B3383-86E3-43E1-BA0B-FBA121CB9953}"
EndProject
Global
	GlobalSection(SolutionConfigurationPlatforms) = preSolution
		Debug|Any CPU = Debug|Any CPU
		Release|Any CPU = Release|Any CPU
	EndGlobalSection
	GlobalSection(ProjectConfigurationPlatforms) = postSolution
		{69FAC15B-680F-41E9-92D1-7F19FAA72531}.Debug|Any CPU.ActiveCfg = Debug|Any CPU
		{69FAC15B-680F-41E9-92D1-7F19FAA72531}.Debug|Any CPU.Build.0 = Debug|Any CPU
		{69FAC15B-680F-41E9-92D1-7F19FAA72531}.Release|Any CPU.ActiveCfg = Release|Any CPU
		{69FAC15B-680F-41E9-92D1-7F19FAA72531}.Release|Any CPU.Build.0 = Release|Any CPU
		{2D93A0C2-C6ED-4A3A-BA75-A5894C00B09D}.Debug|Any CPU.ActiveCfg = Debug|Any CPU
		{2D93A0C2-C6ED-4A3A-BA75-A5894C00B09D}.Debug|Any CPU.Build.0 = Debug|Any CPU
		{2D93A0C2-C6ED-4A3A-BA75-A5894C00B09D}.Release|Any CPU.ActiveCfg = Release|Any CPU
		{2D93A0C2-C6ED-4A3A-BA75-A5894C00B09D}.Release|Any CPU.Build.0 = Release|Any CPU
		{D6010005-BED1-4C0C-A5D1-23E3161E0612}.Debug|Any CPU.ActiveCfg = Debug|Any CPU
		{D6010005-BED1-4C0C-A5D1-23E3161E0612}.Debug|Any CPU.Build.0 = Debug|Any CPU
		{D6010005-BED1-4C0C-A5D1-23E3161E0612}.Release|Any CPU.ActiveCfg = Release|Any CPU
		{D6010005-BED1-4C0C-A5D1-23E3161E0612}.Release|Any CPU.Build.0 = Release|Any CPU
		{38F237DA-B360-46A7-87DE-5CCBD8057166}.Debug|Any CPU.ActiveCfg = Debug|Any CPU
		{38F237DA-B360-46A7-87DE-5CCBD8057166}.Debug|Any CPU.Build.0 = Debug|Any CPU
		{38F237DA-B360-46A7-87DE-5CCBD8057166}.Release|Any CPU.ActiveCfg = Release|Any CPU
		{38F237DA-B360-46A7-87DE-5CCBD8057166}.Release|Any CPU.Build.0 = Release|Any CPU
		{2F28B1D1-75B9-459F-B6AF-29A676290E0C}.Debug|Any CPU.ActiveCfg = Debug|Any CPU
		{2F28B1D1-75B9-459F-B6AF-29A676290E0C}.Debug|Any CPU.Build.0 = Debug|Any CPU
		{2F28B1D1-75B9-459F-B6AF-29A676290E0C}.Release|Any CPU.ActiveCfg = Release|Any CPU
		{2F28B1D1-75B9-459F-B6AF-29A676290E0C}.Release|Any CPU.Build.0 = Release|Any CPU
		{356852BF-C7AB-4163-979F-4C09E5279901}.Debug|Any CPU.ActiveCfg = Debug|Any CPU
		{356852BF-C7AB-4163-979F-4C09E5279901}.Debug|Any CPU.Build.0 = Debug|Any CPU
		{356852BF-C7AB-4163-979F-4C09E5279901}.Release|Any CPU.ActiveCfg = Release|Any CPU
		{356852BF-C7AB-4163-979F-4C09E5279901}.Release|Any CPU.Build.0 = Release|Any CPU
		{E45F1094-A754-4637-B8F7-D235A911B1FA}.Debug|Any CPU.ActiveCfg = Debug|Any CPU
		{E45F1094-A754-4637-B8F7-D235A911B1FA}.Debug|Any CPU.Build.0 = Debug|Any CPU
		{E45F1094-A754-4637-B8F7-D235A911B1FA}.Release|Any CPU.ActiveCfg = Release|Any CPU
		{E45F1094-A754-4637-B8F7-D235A911B1FA}.Release|Any CPU.Build.0 = Release|Any CPU
		{E836AB94-6DEB-42A8-AD34-249AB8869DB8}.Debug|Any CPU.ActiveCfg = Debug|Any CPU
		{E836AB94-6DEB-42A8-AD34-249AB8869DB8}.Debug|Any CPU.Build.0 = Debug|Any CPU
		{E836AB94-6DEB-42A8-AD34-249AB8869DB8}.Release|Any CPU.ActiveCfg = Release|Any CPU
		{E836AB94-6DEB-42A8-AD34-249AB8869DB8}.Release|Any CPU.Build.0 = Release|Any CPU
		{B1A7A7E5-D623-442A-B4C7-3961C9D3BDC8}.Debug|Any CPU.ActiveCfg = Debug|Any CPU
		{B1A7A7E5-D623-442A-B4C7-3961C9D3BDC8}.Debug|Any CPU.Build.0 = Debug|Any CPU
		{B1A7A7E5-D623-442A-B4C7-3961C9D3BDC8}.Release|Any CPU.ActiveCfg = Release|Any CPU
		{B1A7A7E5-D623-442A-B4C7-3961C9D3BDC8}.Release|Any CPU.Build.0 = Release|Any CPU
		{D4870ABC-D2DE-43D1-B1DE-9700B5B38CBA}.Debug|Any CPU.ActiveCfg = Debug|Any CPU
		{D4870ABC-D2DE-43D1-B1DE-9700B5B38CBA}.Debug|Any CPU.Build.0 = Debug|Any CPU
		{D4870ABC-D2DE-43D1-B1DE-9700B5B38CBA}.Release|Any CPU.ActiveCfg = Release|Any CPU
		{D4870ABC-D2DE-43D1-B1DE-9700B5B38CBA}.Release|Any CPU.Build.0 = Release|Any CPU
		{794B23E1-6E77-432D-B3FF-C8645EEA5CDB}.Debug|Any CPU.ActiveCfg = Debug|Any CPU
		{794B23E1-6E77-432D-B3FF-C8645EEA5CDB}.Debug|Any CPU.Build.0 = Debug|Any CPU
		{794B23E1-6E77-432D-B3FF-C8645EEA5CDB}.Release|Any CPU.ActiveCfg = Release|Any CPU
		{794B23E1-6E77-432D-B3FF-C8645EEA5CDB}.Release|Any CPU.Build.0 = Release|Any CPU
		{CC53EA7F-4187-4847-AF0D-71B5F5C98A95}.Debug|Any CPU.ActiveCfg = Debug|Any CPU
		{CC53EA7F-4187-4847-AF0D-71B5F5C98A95}.Debug|Any CPU.Build.0 = Debug|Any CPU
		{CC53EA7F-4187-4847-AF0D-71B5F5C98A95}.Release|Any CPU.ActiveCfg = Release|Any CPU
		{CC53EA7F-4187-4847-AF0D-71B5F5C98A95}.Release|Any CPU.Build.0 = Release|Any CPU
		{F05A1097-0508-46E0-87B6-DE2CE7783414}.Debug|Any CPU.ActiveCfg = Debug|Any CPU
		{F05A1097-0508-46E0-87B6-DE2CE7783414}.Debug|Any CPU.Build.0 = Debug|Any CPU
		{F05A1097-0508-46E0-87B6-DE2CE7783414}.Release|Any CPU.ActiveCfg = Release|Any CPU
		{F05A1097-0508-46E0-87B6-DE2CE7783414}.Release|Any CPU.Build.0 = Release|Any CPU
		{82A0220C-2AAC-4AFD-8745-2808047133D1}.Debug|Any CPU.ActiveCfg = Debug|Any CPU
		{82A0220C-2AAC-4AFD-8745-2808047133D1}.Debug|Any CPU.Build.0 = Debug|Any CPU
		{82A0220C-2AAC-4AFD-8745-2808047133D1}.Release|Any CPU.ActiveCfg = Release|Any CPU
		{82A0220C-2AAC-4AFD-8745-2808047133D1}.Release|Any CPU.Build.0 = Release|Any CPU
		{1F3D5AF4-60FD-4B87-AC30-53842A21847E}.Debug|Any CPU.ActiveCfg = Debug|Any CPU
		{1F3D5AF4-60FD-4B87-AC30-53842A21847E}.Debug|Any CPU.Build.0 = Debug|Any CPU
		{1F3D5AF4-60FD-4B87-AC30-53842A21847E}.Release|Any CPU.ActiveCfg = Release|Any CPU
		{1F3D5AF4-60FD-4B87-AC30-53842A21847E}.Release|Any CPU.Build.0 = Release|Any CPU
		{045A6FA4-1712-407B-A1A2-A8CF8208F82E}.Debug|Any CPU.ActiveCfg = Debug|Any CPU
		{045A6FA4-1712-407B-A1A2-A8CF8208F82E}.Debug|Any CPU.Build.0 = Debug|Any CPU
		{045A6FA4-1712-407B-A1A2-A8CF8208F82E}.Release|Any CPU.ActiveCfg = Release|Any CPU
		{045A6FA4-1712-407B-A1A2-A8CF8208F82E}.Release|Any CPU.Build.0 = Release|Any CPU
		{864AD17B-7592-415C-939B-5C6D77368D4E}.Debug|Any CPU.ActiveCfg = Debug|Any CPU
		{864AD17B-7592-415C-939B-5C6D77368D4E}.Debug|Any CPU.Build.0 = Debug|Any CPU
		{864AD17B-7592-415C-939B-5C6D77368D4E}.Release|Any CPU.ActiveCfg = Release|Any CPU
		{864AD17B-7592-415C-939B-5C6D77368D4E}.Release|Any CPU.Build.0 = Release|Any CPU
		{EB60DEE3-A2C3-42B4-A5E2-6AB0F6581FDD}.Debug|Any CPU.ActiveCfg = Debug|Any CPU
		{EB60DEE3-A2C3-42B4-A5E2-6AB0F6581FDD}.Debug|Any CPU.Build.0 = Debug|Any CPU
		{EB60DEE3-A2C3-42B4-A5E2-6AB0F6581FDD}.Release|Any CPU.ActiveCfg = Release|Any CPU
		{EB60DEE3-A2C3-42B4-A5E2-6AB0F6581FDD}.Release|Any CPU.Build.0 = Release|Any CPU
		{0F7EAC08-C93E-4833-901C-12F1037ED186}.Debug|Any CPU.ActiveCfg = Debug|Any CPU
		{0F7EAC08-C93E-4833-901C-12F1037ED186}.Debug|Any CPU.Build.0 = Debug|Any CPU
		{0F7EAC08-C93E-4833-901C-12F1037ED186}.Release|Any CPU.ActiveCfg = Release|Any CPU
		{0F7EAC08-C93E-4833-901C-12F1037ED186}.Release|Any CPU.Build.0 = Release|Any CPU
		{7804B570-0B2A-4E39-B2CE-D648EABF0918}.Debug|Any CPU.ActiveCfg = Debug|Any CPU
		{7804B570-0B2A-4E39-B2CE-D648EABF0918}.Debug|Any CPU.Build.0 = Debug|Any CPU
		{7804B570-0B2A-4E39-B2CE-D648EABF0918}.Release|Any CPU.ActiveCfg = Release|Any CPU
		{7804B570-0B2A-4E39-B2CE-D648EABF0918}.Release|Any CPU.Build.0 = Release|Any CPU
		{8BE04FE4-7E15-4F8B-97BE-144F6CE65A66}.Debug|Any CPU.ActiveCfg = Debug|Any CPU
		{8BE04FE4-7E15-4F8B-97BE-144F6CE65A66}.Debug|Any CPU.Build.0 = Debug|Any CPU
		{8BE04FE4-7E15-4F8B-97BE-144F6CE65A66}.Release|Any CPU.ActiveCfg = Release|Any CPU
		{8BE04FE4-7E15-4F8B-97BE-144F6CE65A66}.Release|Any CPU.Build.0 = Release|Any CPU
		{FD19BF8D-C01D-4367-8471-65903F60853F}.Debug|Any CPU.ActiveCfg = Debug|Any CPU
		{FD19BF8D-C01D-4367-8471-65903F60853F}.Debug|Any CPU.Build.0 = Debug|Any CPU
		{FD19BF8D-C01D-4367-8471-65903F60853F}.Release|Any CPU.ActiveCfg = Release|Any CPU
		{FD19BF8D-C01D-4367-8471-65903F60853F}.Release|Any CPU.Build.0 = Release|Any CPU
		{074FB94B-DE2F-43C4-A5C3-CCFBA0BA87A1}.Debug|Any CPU.ActiveCfg = Debug|Any CPU
		{074FB94B-DE2F-43C4-A5C3-CCFBA0BA87A1}.Debug|Any CPU.Build.0 = Debug|Any CPU
		{074FB94B-DE2F-43C4-A5C3-CCFBA0BA87A1}.Release|Any CPU.ActiveCfg = Release|Any CPU
		{074FB94B-DE2F-43C4-A5C3-CCFBA0BA87A1}.Release|Any CPU.Build.0 = Release|Any CPU
		{64B11189-1C5E-49BE-A041-7BED1F2E26CB}.Debug|Any CPU.ActiveCfg = Debug|Any CPU
		{64B11189-1C5E-49BE-A041-7BED1F2E26CB}.Debug|Any CPU.Build.0 = Debug|Any CPU
		{64B11189-1C5E-49BE-A041-7BED1F2E26CB}.Release|Any CPU.ActiveCfg = Release|Any CPU
		{64B11189-1C5E-49BE-A041-7BED1F2E26CB}.Release|Any CPU.Build.0 = Release|Any CPU
		{5A1C03B1-89EB-4839-A805-B648375F367C}.Debug|Any CPU.ActiveCfg = Debug|Any CPU
		{5A1C03B1-89EB-4839-A805-B648375F367C}.Debug|Any CPU.Build.0 = Debug|Any CPU
		{5A1C03B1-89EB-4839-A805-B648375F367C}.Release|Any CPU.ActiveCfg = Release|Any CPU
		{5A1C03B1-89EB-4839-A805-B648375F367C}.Release|Any CPU.Build.0 = Release|Any CPU
		{7184614A-B0F1-453A-B7B6-76B1CCCC7AEC}.Debug|Any CPU.ActiveCfg = Debug|Any CPU
		{7184614A-B0F1-453A-B7B6-76B1CCCC7AEC}.Debug|Any CPU.Build.0 = Debug|Any CPU
		{7184614A-B0F1-453A-B7B6-76B1CCCC7AEC}.Release|Any CPU.ActiveCfg = Release|Any CPU
		{7184614A-B0F1-453A-B7B6-76B1CCCC7AEC}.Release|Any CPU.Build.0 = Release|Any CPU
		{19640C49-B8AE-44FA-A69E-87FC43087529}.Debug|Any CPU.ActiveCfg = Debug|Any CPU
		{19640C49-B8AE-44FA-A69E-87FC43087529}.Debug|Any CPU.Build.0 = Debug|Any CPU
		{19640C49-B8AE-44FA-A69E-87FC43087529}.Release|Any CPU.ActiveCfg = Release|Any CPU
		{19640C49-B8AE-44FA-A69E-87FC43087529}.Release|Any CPU.Build.0 = Release|Any CPU
		{97034ABF-03D7-40D2-9CE7-480AB4695C79}.Debug|Any CPU.ActiveCfg = Debug|Any CPU
		{97034ABF-03D7-40D2-9CE7-480AB4695C79}.Debug|Any CPU.Build.0 = Debug|Any CPU
		{97034ABF-03D7-40D2-9CE7-480AB4695C79}.Release|Any CPU.ActiveCfg = Release|Any CPU
		{97034ABF-03D7-40D2-9CE7-480AB4695C79}.Release|Any CPU.Build.0 = Release|Any CPU
		{C71BE8CE-C62A-4217-B239-CF7FEFE43D7C}.Debug|Any CPU.ActiveCfg = Debug|Any CPU
		{C71BE8CE-C62A-4217-B239-CF7FEFE43D7C}.Debug|Any CPU.Build.0 = Debug|Any CPU
		{C71BE8CE-C62A-4217-B239-CF7FEFE43D7C}.Release|Any CPU.ActiveCfg = Release|Any CPU
		{C71BE8CE-C62A-4217-B239-CF7FEFE43D7C}.Release|Any CPU.Build.0 = Release|Any CPU
		{40BB61DD-9B26-4F91-B24D-AD7C24C761AC}.Debug|Any CPU.ActiveCfg = Debug|Any CPU
		{40BB61DD-9B26-4F91-B24D-AD7C24C761AC}.Debug|Any CPU.Build.0 = Debug|Any CPU
		{40BB61DD-9B26-4F91-B24D-AD7C24C761AC}.Release|Any CPU.ActiveCfg = Release|Any CPU
		{40BB61DD-9B26-4F91-B24D-AD7C24C761AC}.Release|Any CPU.Build.0 = Release|Any CPU
		{F50C7679-E9E6-4104-8360-59B3822BC163}.Debug|Any CPU.ActiveCfg = Debug|Any CPU
		{F50C7679-E9E6-4104-8360-59B3822BC163}.Debug|Any CPU.Build.0 = Debug|Any CPU
		{F50C7679-E9E6-4104-8360-59B3822BC163}.Release|Any CPU.ActiveCfg = Release|Any CPU
		{F50C7679-E9E6-4104-8360-59B3822BC163}.Release|Any CPU.Build.0 = Release|Any CPU
		{6817E5E0-BFCE-45E6-AB14-8E9F662D3406}.Debug|Any CPU.ActiveCfg = Debug|Any CPU
		{6817E5E0-BFCE-45E6-AB14-8E9F662D3406}.Debug|Any CPU.Build.0 = Debug|Any CPU
		{6817E5E0-BFCE-45E6-AB14-8E9F662D3406}.Release|Any CPU.ActiveCfg = Release|Any CPU
		{6817E5E0-BFCE-45E6-AB14-8E9F662D3406}.Release|Any CPU.Build.0 = Release|Any CPU
		{9FB75AC5-927E-4294-9EA9-9DB877EF02DE}.Debug|Any CPU.ActiveCfg = Debug|Any CPU
		{9FB75AC5-927E-4294-9EA9-9DB877EF02DE}.Debug|Any CPU.Build.0 = Debug|Any CPU
		{9FB75AC5-927E-4294-9EA9-9DB877EF02DE}.Release|Any CPU.ActiveCfg = Release|Any CPU
		{9FB75AC5-927E-4294-9EA9-9DB877EF02DE}.Release|Any CPU.Build.0 = Release|Any CPU
		{5B3FB2F9-3A44-48CF-9AAD-044DBC365F8B}.Debug|Any CPU.ActiveCfg = Debug|Any CPU
		{5B3FB2F9-3A44-48CF-9AAD-044DBC365F8B}.Debug|Any CPU.Build.0 = Debug|Any CPU
		{5B3FB2F9-3A44-48CF-9AAD-044DBC365F8B}.Release|Any CPU.ActiveCfg = Release|Any CPU
		{5B3FB2F9-3A44-48CF-9AAD-044DBC365F8B}.Release|Any CPU.Build.0 = Release|Any CPU
		{8B3B3383-86E3-43E1-BA0B-FBA121CB9953}.Debug|Any CPU.ActiveCfg = Debug|Any CPU
		{8B3B3383-86E3-43E1-BA0B-FBA121CB9953}.Debug|Any CPU.Build.0 = Debug|Any CPU
		{8B3B3383-86E3-43E1-BA0B-FBA121CB9953}.Release|Any CPU.ActiveCfg = Release|Any CPU
		{8B3B3383-86E3-43E1-BA0B-FBA121CB9953}.Release|Any CPU.Build.0 = Release|Any CPU
	EndGlobalSection
	GlobalSection(SolutionProperties) = preSolution
		HideSolutionNode = FALSE
	EndGlobalSection
	GlobalSection(NestedProjects) = preSolution
		{69FAC15B-680F-41E9-92D1-7F19FAA72531} = {37738608-D77D-4604-804F-DB9770E7827D}
		{2D93A0C2-C6ED-4A3A-BA75-A5894C00B09D} = {37738608-D77D-4604-804F-DB9770E7827D}
		{D6010005-BED1-4C0C-A5D1-23E3161E0612} = {37738608-D77D-4604-804F-DB9770E7827D}
		{38F237DA-B360-46A7-87DE-5CCBD8057166} = {37738608-D77D-4604-804F-DB9770E7827D}
		{2F28B1D1-75B9-459F-B6AF-29A676290E0C} = {37738608-D77D-4604-804F-DB9770E7827D}
		{356852BF-C7AB-4163-979F-4C09E5279901} = {B4B8122F-EA4B-45F7-BDBA-912B172D70C5}
		{E45F1094-A754-4637-B8F7-D235A911B1FA} = {B4B8122F-EA4B-45F7-BDBA-912B172D70C5}
		{E836AB94-6DEB-42A8-AD34-249AB8869DB8} = {91C1C6D4-4DA7-47B6-BA0B-A1137E7E206C}
		{B1A7A7E5-D623-442A-B4C7-3961C9D3BDC8} = {91C1C6D4-4DA7-47B6-BA0B-A1137E7E206C}
		{D4870ABC-D2DE-43D1-B1DE-9700B5B38CBA} = {91C1C6D4-4DA7-47B6-BA0B-A1137E7E206C}
		{794B23E1-6E77-432D-B3FF-C8645EEA5CDB} = {A5DF86CA-42B4-4497-8E07-D7ABCB0754A4}
		{CC53EA7F-4187-4847-AF0D-71B5F5C98A95} = {A5DF86CA-42B4-4497-8E07-D7ABCB0754A4}
		{F05A1097-0508-46E0-87B6-DE2CE7783414} = {14203AB4-869D-48E4-80CD-6206D1B6AB95}
		{82A0220C-2AAC-4AFD-8745-2808047133D1} = {EE24E9D3-E8AD-428C-9019-528F65241A37}
		{1F3D5AF4-60FD-4B87-AC30-53842A21847E} = {6B88DF97-8D87-49C0-A8CF-63F93CA8E9C6}
		{045A6FA4-1712-407B-A1A2-A8CF8208F82E} = {6B88DF97-8D87-49C0-A8CF-63F93CA8E9C6}
		{864AD17B-7592-415C-939B-5C6D77368D4E} = {9642B430-D6ED-476B-9CAD-9DF5A95E7DA0}
		{EB60DEE3-A2C3-42B4-A5E2-6AB0F6581FDD} = {903EADDD-8EDF-4E73-B53C-9B764C5710EA}
		{0F7EAC08-C93E-4833-901C-12F1037ED186} = {9194C845-B941-4C5D-8DB3-A7387819F8EE}
		{7804B570-0B2A-4E39-B2CE-D648EABF0918} = {F5069042-D63F-4F05-99DA-2D71DF15F875}
		{8BE04FE4-7E15-4F8B-97BE-144F6CE65A66} = {4F83F389-07BF-49AC-A9F8-50875B7FA45C}
		{FD19BF8D-C01D-4367-8471-65903F60853F} = {14203AB4-869D-48E4-80CD-6206D1B6AB95}
		{074FB94B-DE2F-43C4-A5C3-CCFBA0BA87A1} = {2235F580-9C9D-4334-9594-1BC0444D1373}
		{64B11189-1C5E-49BE-A041-7BED1F2E26CB} = {186B7A34-97B1-4AEB-8CB3-B37A5C760A33}
		{5A1C03B1-89EB-4839-A805-B648375F367C} = {EAE8BCFC-D3CB-45C9-B57B-3236FBC44B92}
		{7184614A-B0F1-453A-B7B6-76B1CCCC7AEC} = {EAE8BCFC-D3CB-45C9-B57B-3236FBC44B92}
		{19640C49-B8AE-44FA-A69E-87FC43087529} = {66266AC4-A600-4E57-A83D-51C25250AFC6}
		{97034ABF-03D7-40D2-9CE7-480AB4695C79} = {66266AC4-A600-4E57-A83D-51C25250AFC6}
		{C71BE8CE-C62A-4217-B239-CF7FEFE43D7C} = {66266AC4-A600-4E57-A83D-51C25250AFC6}
		{40BB61DD-9B26-4F91-B24D-AD7C24C761AC} = {66266AC4-A600-4E57-A83D-51C25250AFC6}
		{F50C7679-E9E6-4104-8360-59B3822BC163} = {66266AC4-A600-4E57-A83D-51C25250AFC6}
		{6817E5E0-BFCE-45E6-AB14-8E9F662D3406} = {D9AD63B3-44D2-4D6F-9672-9378D903180C}
		{9FB75AC5-927E-4294-9EA9-9DB877EF02DE} = {D9AD63B3-44D2-4D6F-9672-9378D903180C}
		{5B3FB2F9-3A44-48CF-9AAD-044DBC365F8B} = {D9AD63B3-44D2-4D6F-9672-9378D903180C}
		{8B3B3383-86E3-43E1-BA0B-FBA121CB9953} = {D9AD63B3-44D2-4D6F-9672-9378D903180C}
	EndGlobalSection
	GlobalSection(ExtensibilityGlobals) = postSolution
		SolutionGuid = {CD211760-95F4-488E-A4E3-95868447BA2E}
	EndGlobalSection
EndGlobal
