
Microsoft Visual Studio Solution File, Format Version 12.00
# Visual Studio Version 17
VisualStudioVersion = 17.9.34723.18
MinimumVisualStudioVersion = 10.0.40219.1
Project("{9A19103F-16F7-4668-BE54-9A1E7A4F7556}") = "ASP NET 01. Mini HTTP Server", "ASP NET 01. Mini HTTP Server\ASP NET 01. Mini HTTP Server.csproj", "{69FAC15B-680F-41E9-92D1-7F19FAA72531}"
EndProject
Project("{2150E333-8FDC-42A3-9474-1A3956D46DE8}") = "ASP NET 01", "ASP NET 01", "{37738608-D77D-4604-804F-DB9770E7827D}"
EndProject
Project("{9A19103F-16F7-4668-BE54-9A1E7A4F7556}") = "ASP NET 01. CoR", "ASP NET 01. CoR\ASP NET 01. CoR.csproj", "{2D93A0C2-C6ED-4A3A-BA75-A5894C00B09D}"
EndProject
Project("{9A19103F-16F7-4668-BE54-9A1E7A4F7556}") = "ASP NET 01. ASP Example API", "ASP NET 01. ASP Example API\ASP NET 01. ASP Example API.csproj", "{D6010005-BED1-4C0C-A5D1-23E3161E0612}"
EndProject
Project("{9A19103F-16F7-4668-BE54-9A1E7A4F7556}") = "ASP NET 01. ASP Example API Old", "ASP NET 01. ASP Example API Old\ASP NET 01. ASP Example API Old.csproj", "{38F237DA-B360-46A7-87DE-5CCBD8057166}"
EndProject
Project("{9A19103F-16F7-4668-BE54-9A1E7A4F7556}") = "ASP NET 01. MVC Example", "ASP NET 01. MVC Example\ASP NET 01. MVC Example.csproj", "{2F28B1D1-75B9-459F-B6AF-29A676290E0C}"
EndProject
Project("{2150E333-8FDC-42A3-9474-1A3956D46DE8}") = "ASP NET 02", "ASP NET 02", "{B4B8122F-EA4B-45F7-BDBA-912B172D70C5}"
EndProject
Project("{9A19103F-16F7-4668-BE54-9A1E7A4F7556}") = "ASP NET 02. Mini ASP", "ASP NET 02. Mini ASP\ASP NET 02. Mini ASP.csproj", "{356852BF-C7AB-4163-979F-4C09E5279901}"
EndProject
Project("{9A19103F-16F7-4668-BE54-9A1E7A4F7556}") = "ASP NET 02. Dependency Injection", "ASP NET 02. Dependency Injection\ASP NET 02. Dependency Injection.csproj", "{E45F1094-A754-4637-B8F7-D235A911B1FA}"
EndProject
Project("{2150E333-8FDC-42A3-9474-1A3956D46DE8}") = "ASP NET 03", "ASP NET 03", "{91C1C6D4-4DA7-47B6-BA0B-A1137E7E206C}"
EndProject
Project("{9A19103F-16F7-4668-BE54-9A1E7A4F7556}") = "ASP NET 03. Dependency injection - services", "ASP NET 03. Dependency injection - services\ASP NET 03. Dependency injection - services.csproj", "{E836AB94-6DEB-42A8-AD34-249AB8869DB8}"
EndProject
Project("{9A19103F-16F7-4668-BE54-9A1E7A4F7556}") = "ASP NET 03. Razor Pages", "ASP NET 03. Razor Pages\ASP NET 03. Razor Pages.csproj", "{B1A7A7E5-D623-442A-B4C7-3961C9D3BDC8}"
EndProject
Project("{9A19103F-16F7-4668-BE54-9A1E7A4F7556}") = "ASP NET 03. Razor pages Product site", "ASP NET 03. Razor pages Product site\ASP NET 03. Razor pages Product site.csproj", "{D4870ABC-D2DE-43D1-B1DE-9700B5B38CBA}"
EndProject
Project("{2150E333-8FDC-42A3-9474-1A3956D46DE8}") = "ASP NET 04", "ASP NET 04", "{A5DF86CA-42B4-4497-8E07-D7ABCB0754A4}"
EndProject
Project("{9A19103F-16F7-4668-BE54-9A1E7A4F7556}") = "ASO NET 04. Products MVC", "ASO NET 04. Products MVC\ASO NET 04. Products MVC.csproj", "{794B23E1-6E77-432D-B3FF-C8645EEA5CDB}"
EndProject
Project("{9A19103F-16F7-4668-BE54-9A1E7A4F7556}") = "ASP NET 04. Products MVC Scaffold", "ASP NET 04. Products MVC Scaffold\ASP NET 04. Products MVC Scaffold.csproj", "{CC53EA7F-4187-4847-AF0D-71B5F5C98A95}"
EndProject
Project("{2150E333-8FDC-42A3-9474-1A3956D46DE8}") = "ASP NET 05", "ASP NET 05", "{14203AB4-869D-48E4-80CD-6206D1B6AB95}"
EndProject
Project("{9A19103F-16F7-4668-BE54-9A1E7A4F7556}") = "ASP NET 05. HTML Helpers", "ASP NET 05. HTML Helpers\ASP NET 05. HTML Helpers.csproj", "{F05A1097-0508-46E0-87B6-DE2CE7783414}"
EndProject
Project("{2150E333-8FDC-42A3-9474-1A3956D46DE8}") = "ASP NET 06", "ASP NET 06", "{EE24E9D3-E8AD-428C-9019-528F65241A37}"
EndProject
Project("{9A19103F-16F7-4668-BE54-9A1E7A4F7556}") = "ASP NET 06. StudentsApp", "ASP NET 06. StudentsApp\ASP NET 06. StudentsApp.csproj", "{82A0220C-2AAC-4AFD-8745-2808047133D1}"
EndProject
Project("{2150E333-8FDC-42A3-9474-1A3956D46DE8}") = "ASP NET 07", "ASP NET 07", "{6B88DF97-8D87-49C0-A8CF-63F93CA8E9C6}"
EndProject
Project("{9A19103F-16F7-4668-BE54-9A1E7A4F7556}") = "ASP NET 07. ToDo Web API start", "ASP NET 07. ToDo Web API start\ASP NET 07. ToDo Web API start.csproj", "{1F3D5AF4-60FD-4B87-AC30-53842A21847E}"
EndProject
Project("{9A19103F-16F7-4668-BE54-9A1E7A4F7556}") = "ASP NET 07. WEB API - DTO", "ASP NET 07. WEB API - DTO\ASP NET 07. WEB API - DTO.csproj", "{045A6FA4-1712-407B-A1A2-A8CF8208F82E}"
EndProject
Project("{2150E333-8FDC-42A3-9474-1A3956D46DE8}") = "ASP NET 08", "ASP NET 08", "{9642B430-D6ED-476B-9CAD-9DF5A95E7DA0}"
EndProject
Project("{9A19103F-16F7-4668-BE54-9A1E7A4F7556}") = "ASP NET 08. ToDo WEB API Pagination Filters", "ASP NET 08. ToDo WEB API Pagination, Filters\ASP NET 08. ToDo WEB API Pagination Filters.csproj", "{864AD17B-7592-415C-939B-5C6D77368D4E}"
EndProject
Project("{2150E333-8FDC-42A3-9474-1A3956D46DE8}") = "ASP NET 09", "ASP NET 09", "{903EADDD-8EDF-4E73-B53C-9B764C5710EA}"
EndProject
Project("{9A19103F-16F7-4668-BE54-9A1E7A4F7556}") = "ASP NET 09. Authorization JWT Token XML Documentation", "ASP NET 09. Authorization JWT Token XML Documentation\ASP NET 09. Authorization JWT Token XML Documentation.csproj", "{EB60DEE3-A2C3-42B4-A5E2-6AB0F6581FDD}"
EndProject
Project("{2150E333-8FDC-42A3-9474-1A3956D46DE8}") = "ASP NET 11", "ASP NET 11", "{9194C845-B941-4C5D-8DB3-A7387819F8EE}"
EndProject
Project("{9A19103F-16F7-4668-BE54-9A1E7A4F7556}") = "ASP NET 11. Identity", "ASP NET 10. Identity\ASP NET 11. Identity.csproj", "{0F7EAC08-C93E-4833-901C-12F1037ED186}"
EndProject
Project("{2150E333-8FDC-42A3-9474-1A3956D46DE8}") = "ASP NET 12", "ASP NET 12", "{F5069042-D63F-4F05-99DA-2D71DF15F875}"
EndProject
Project("{9A19103F-16F7-4668-BE54-9A1E7A4F7556}") = "ASP NET 12", "ASP NET 12\ASP NET 12.csproj", "{7804B570-0B2A-4E39-B2CE-D648EABF0918}"
EndProject
Project("{2150E333-8FDC-42A3-9474-1A3956D46DE8}") = "ASP NET 15", "ASP NET 15", "{4F83F389-07BF-49AC-A9F8-50875B7FA45C}"
EndProject
Project("{FAE04EC0-301F-11D3-BF4B-00C04F79EFBC}") = "ASP NET 15. Validation Fluent Validation", "ASP NET 15. Validation, Fluent Validation\ASP NET 15. Validation Fluent Validation.csproj", "{8BE04FE4-7E15-4F8B-97BE-144F6CE65A66}"
EndProject
Global
	GlobalSection(SolutionConfigurationPlatforms) = preSolution
		Debug|Any CPU = Debug|Any CPU
		Release|Any CPU = Release|Any CPU
	EndGlobalSection
	GlobalSection(ProjectConfigurationPlatforms) = postSolution
		{69FAC15B-680F-41E9-92D1-7F19FAA72531}.Debug|Any CPU.ActiveCfg = Debug|Any CPU
		{69FAC15B-680F-41E9-92D1-7F19FAA72531}.Debug|Any CPU.Build.0 = Debug|Any CPU
		{69FAC15B-680F-41E9-92D1-7F19FAA72531}.Release|Any CPU.ActiveCfg = Release|Any CPU
		{69FAC15B-680F-41E9-92D1-7F19FAA72531}.Release|Any CPU.Build.0 = Release|Any CPU
		{2D93A0C2-C6ED-4A3A-BA75-A5894C00B09D}.Debug|Any CPU.ActiveCfg = Debug|Any CPU
		{2D93A0C2-C6ED-4A3A-BA75-A5894C00B09D}.Debug|Any CPU.Build.0 = Debug|Any CPU
		{2D93A0C2-C6ED-4A3A-BA75-A5894C00B09D}.Release|Any CPU.ActiveCfg = Release|Any CPU
		{2D93A0C2-C6ED-4A3A-BA75-A5894C00B09D}.Release|Any CPU.Build.0 = Release|Any CPU
		{D6010005-BED1-4C0C-A5D1-23E3161E0612}.Debug|Any CPU.ActiveCfg = Debug|Any CPU
		{D6010005-BED1-4C0C-A5D1-23E3161E0612}.Debug|Any CPU.Build.0 = Debug|Any CPU
		{D6010005-BED1-4C0C-A5D1-23E3161E0612}.Release|Any CPU.ActiveCfg = Release|Any CPU
		{D6010005-BED1-4C0C-A5D1-23E3161E0612}.Release|Any CPU.Build.0 = Release|Any CPU
		{38F237DA-B360-46A7-87DE-5CCBD8057166}.Debug|Any CPU.ActiveCfg = Debug|Any CPU
		{38F237DA-B360-46A7-87DE-5CCBD8057166}.Debug|Any CPU.Build.0 = Debug|Any CPU
		{38F237DA-B360-46A7-87DE-5CCBD8057166}.Release|Any CPU.ActiveCfg = Release|Any CPU
		{38F237DA-B360-46A7-87DE-5CCBD8057166}.Release|Any CPU.Build.0 = Release|Any CPU
		{2F28B1D1-75B9-459F-B6AF-29A676290E0C}.Debug|Any CPU.ActiveCfg = Debug|Any CPU
		{2F28B1D1-75B9-459F-B6AF-29A676290E0C}.Debug|Any CPU.Build.0 = Debug|Any CPU
		{2F28B1D1-75B9-459F-B6AF-29A676290E0C}.Release|Any CPU.ActiveCfg = Release|Any CPU
		{2F28B1D1-75B9-459F-B6AF-29A676290E0C}.Release|Any CPU.Build.0 = Release|Any CPU
		{356852BF-C7AB-4163-979F-4C09E5279901}.Debug|Any CPU.ActiveCfg = Debug|Any CPU
		{356852BF-C7AB-4163-979F-4C09E5279901}.Debug|Any CPU.Build.0 = Debug|Any CPU
		{356852BF-C7AB-4163-979F-4C09E5279901}.Release|Any CPU.ActiveCfg = Release|Any CPU
		{356852BF-C7AB-4163-979F-4C09E5279901}.Release|Any CPU.Build.0 = Release|Any CPU
		{E45F1094-A754-4637-B8F7-D235A911B1FA}.Debug|Any CPU.ActiveCfg = Debug|Any CPU
		{E45F1094-A754-4637-B8F7-D235A911B1FA}.Debug|Any CPU.Build.0 = Debug|Any CPU
		{E45F1094-A754-4637-B8F7-D235A911B1FA}.Release|Any CPU.ActiveCfg = Release|Any CPU
		{E45F1094-A754-4637-B8F7-D235A911B1FA}.Release|Any CPU.Build.0 = Release|Any CPU
		{E836AB94-6DEB-42A8-AD34-249AB8869DB8}.Debug|Any CPU.ActiveCfg = Debug|Any CPU
		{E836AB94-6DEB-42A8-AD34-249AB8869DB8}.Debug|Any CPU.Build.0 = Debug|Any CPU
		{E836AB94-6DEB-42A8-AD34-249AB8869DB8}.Release|Any CPU.ActiveCfg = Release|Any CPU
		{E836AB94-6DEB-42A8-AD34-249AB8869DB8}.Release|Any CPU.Build.0 = Release|Any CPU
		{B1A7A7E5-D623-442A-B4C7-3961C9D3BDC8}.Debug|Any CPU.ActiveCfg = Debug|Any CPU
		{B1A7A7E5-D623-442A-B4C7-3961C9D3BDC8}.Debug|Any CPU.Build.0 = Debug|Any CPU
		{B1A7A7E5-D623-442A-B4C7-3961C9D3BDC8}.Release|Any CPU.ActiveCfg = Release|Any CPU
		{B1A7A7E5-D623-442A-B4C7-3961C9D3BDC8}.Release|Any CPU.Build.0 = Release|Any CPU
		{D4870ABC-D2DE-43D1-B1DE-9700B5B38CBA}.Debug|Any CPU.ActiveCfg = Debug|Any CPU
		{D4870ABC-D2DE-43D1-B1DE-9700B5B38CBA}.Debug|Any CPU.Build.0 = Debug|Any CPU
		{D4870ABC-D2DE-43D1-B1DE-9700B5B38CBA}.Release|Any CPU.ActiveCfg = Release|Any CPU
		{D4870ABC-D2DE-43D1-B1DE-9700B5B38CBA}.Release|Any CPU.Build.0 = Release|Any CPU
		{794B23E1-6E77-432D-B3FF-C8645EEA5CDB}.Debug|Any CPU.ActiveCfg = Debug|Any CPU
		{794B23E1-6E77-432D-B3FF-C8645EEA5CDB}.Debug|Any CPU.Build.0 = Debug|Any CPU
		{794B23E1-6E77-432D-B3FF-C8645EEA5CDB}.Release|Any CPU.ActiveCfg = Release|Any CPU
		{794B23E1-6E77-432D-B3FF-C8645EEA5CDB}.Release|Any CPU.Build.0 = Release|Any CPU
		{CC53EA7F-4187-4847-AF0D-71B5F5C98A95}.Debug|Any CPU.ActiveCfg = Debug|Any CPU
		{CC53EA7F-4187-4847-AF0D-71B5F5C98A95}.Debug|Any CPU.Build.0 = Debug|Any CPU
		{CC53EA7F-4187-4847-AF0D-71B5F5C98A95}.Release|Any CPU.ActiveCfg = Release|Any CPU
		{CC53EA7F-4187-4847-AF0D-71B5F5C98A95}.Release|Any CPU.Build.0 = Release|Any CPU
		{F05A1097-0508-46E0-87B6-DE2CE7783414}.Debug|Any CPU.ActiveCfg = Debug|Any CPU
		{F05A1097-0508-46E0-87B6-DE2CE7783414}.Debug|Any CPU.Build.0 = Debug|Any CPU
		{F05A1097-0508-46E0-87B6-DE2CE7783414}.Release|Any CPU.ActiveCfg = Release|Any CPU
		{F05A1097-0508-46E0-87B6-DE2CE7783414}.Release|Any CPU.Build.0 = Release|Any CPU
		{82A0220C-2AAC-4AFD-8745-2808047133D1}.Debug|Any CPU.ActiveCfg = Debug|Any CPU
		{82A0220C-2AAC-4AFD-8745-2808047133D1}.Debug|Any CPU.Build.0 = Debug|Any CPU
		{82A0220C-2AAC-4AFD-8745-2808047133D1}.Release|Any CPU.ActiveCfg = Release|Any CPU
		{82A0220C-2AAC-4AFD-8745-2808047133D1}.Release|Any CPU.Build.0 = Release|Any CPU
		{1F3D5AF4-60FD-4B87-AC30-53842A21847E}.Debug|Any CPU.ActiveCfg = Debug|Any CPU
		{1F3D5AF4-60FD-4B87-AC30-53842A21847E}.Debug|Any CPU.Build.0 = Debug|Any CPU
		{1F3D5AF4-60FD-4B87-AC30-53842A21847E}.Release|Any CPU.ActiveCfg = Release|Any CPU
		{1F3D5AF4-60FD-4B87-AC30-53842A21847E}.Release|Any CPU.Build.0 = Release|Any CPU
		{045A6FA4-1712-407B-A1A2-A8CF8208F82E}.Debug|Any CPU.ActiveCfg = Debug|Any CPU
		{045A6FA4-1712-407B-A1A2-A8CF8208F82E}.Debug|Any CPU.Build.0 = Debug|Any CPU
		{045A6FA4-1712-407B-A1A2-A8CF8208F82E}.Release|Any CPU.ActiveCfg = Release|Any CPU
		{045A6FA4-1712-407B-A1A2-A8CF8208F82E}.Release|Any CPU.Build.0 = Release|Any CPU
		{864AD17B-7592-415C-939B-5C6D77368D4E}.Debug|Any CPU.ActiveCfg = Debug|Any CPU
		{864AD17B-7592-415C-939B-5C6D77368D4E}.Debug|Any CPU.Build.0 = Debug|Any CPU
		{864AD17B-7592-415C-939B-5C6D77368D4E}.Release|Any CPU.ActiveCfg = Release|Any CPU
		{864AD17B-7592-415C-939B-5C6D77368D4E}.Release|Any CPU.Build.0 = Release|Any CPU
		{EB60DEE3-A2C3-42B4-A5E2-6AB0F6581FDD}.Debug|Any CPU.ActiveCfg = Debug|Any CPU
		{EB60DEE3-A2C3-42B4-A5E2-6AB0F6581FDD}.Debug|Any CPU.Build.0 = Debug|Any CPU
		{EB60DEE3-A2C3-42B4-A5E2-6AB0F6581FDD}.Release|Any CPU.ActiveCfg = Release|Any CPU
		{EB60DEE3-A2C3-42B4-A5E2-6AB0F6581FDD}.Release|Any CPU.Build.0 = Release|Any CPU
		{0F7EAC08-C93E-4833-901C-12F1037ED186}.Debug|Any CPU.ActiveCfg = Debug|Any CPU
		{0F7EAC08-C93E-4833-901C-12F1037ED186}.Debug|Any CPU.Build.0 = Debug|Any CPU
		{0F7EAC08-C93E-4833-901C-12F1037ED186}.Release|Any CPU.ActiveCfg = Release|Any CPU
		{0F7EAC08-C93E-4833-901C-12F1037ED186}.Release|Any CPU.Build.0 = Release|Any CPU
		{7804B570-0B2A-4E39-B2CE-D648EABF0918}.Debug|Any CPU.ActiveCfg = Debug|Any CPU
		{7804B570-0B2A-4E39-B2CE-D648EABF0918}.Debug|Any CPU.Build.0 = Debug|Any CPU
		{7804B570-0B2A-4E39-B2CE-D648EABF0918}.Release|Any CPU.ActiveCfg = Release|Any CPU
		{7804B570-0B2A-4E39-B2CE-D648EABF0918}.Release|Any CPU.Build.0 = Release|Any CPU
		{8BE04FE4-7E15-4F8B-97BE-144F6CE65A66}.Debug|Any CPU.ActiveCfg = Debug|Any CPU
		{8BE04FE4-7E15-4F8B-97BE-144F6CE65A66}.Debug|Any CPU.Build.0 = Debug|Any CPU
		{8BE04FE4-7E15-4F8B-97BE-144F6CE65A66}.Release|Any CPU.ActiveCfg = Release|Any CPU
		{8BE04FE4-7E15-4F8B-97BE-144F6CE65A66}.Release|Any CPU.Build.0 = Release|Any CPU
	EndGlobalSection
	GlobalSection(SolutionProperties) = preSolution
		HideSolutionNode = FALSE
	EndGlobalSection
	GlobalSection(NestedProjects) = preSolution
		{69FAC15B-680F-41E9-92D1-7F19FAA72531} = {37738608-D77D-4604-804F-DB9770E7827D}
		{2D93A0C2-C6ED-4A3A-BA75-A5894C00B09D} = {37738608-D77D-4604-804F-DB9770E7827D}
		{D6010005-BED1-4C0C-A5D1-23E3161E0612} = {37738608-D77D-4604-804F-DB9770E7827D}
		{38F237DA-B360-46A7-87DE-5CCBD8057166} = {37738608-D77D-4604-804F-DB9770E7827D}
		{2F28B1D1-75B9-459F-B6AF-29A676290E0C} = {37738608-D77D-4604-804F-DB9770E7827D}
		{356852BF-C7AB-4163-979F-4C09E5279901} = {B4B8122F-EA4B-45F7-BDBA-912B172D70C5}
		{E45F1094-A754-4637-B8F7-D235A911B1FA} = {B4B8122F-EA4B-45F7-BDBA-912B172D70C5}
		{E836AB94-6DEB-42A8-AD34-249AB8869DB8} = {91C1C6D4-4DA7-47B6-BA0B-A1137E7E206C}
		{B1A7A7E5-D623-442A-B4C7-3961C9D3BDC8} = {91C1C6D4-4DA7-47B6-BA0B-A1137E7E206C}
		{D4870ABC-D2DE-43D1-B1DE-9700B5B38CBA} = {91C1C6D4-4DA7-47B6-BA0B-A1137E7E206C}
		{794B23E1-6E77-432D-B3FF-C8645EEA5CDB} = {A5DF86CA-42B4-4497-8E07-D7ABCB0754A4}
		{CC53EA7F-4187-4847-AF0D-71B5F5C98A95} = {A5DF86CA-42B4-4497-8E07-D7ABCB0754A4}
		{F05A1097-0508-46E0-87B6-DE2CE7783414} = {14203AB4-869D-48E4-80CD-6206D1B6AB95}
		{82A0220C-2AAC-4AFD-8745-2808047133D1} = {EE24E9D3-E8AD-428C-9019-528F65241A37}
		{1F3D5AF4-60FD-4B87-AC30-53842A21847E} = {6B88DF97-8D87-49C0-A8CF-63F93CA8E9C6}
		{045A6FA4-1712-407B-A1A2-A8CF8208F82E} = {6B88DF97-8D87-49C0-A8CF-63F93CA8E9C6}
		{864AD17B-7592-415C-939B-5C6D77368D4E} = {9642B430-D6ED-476B-9CAD-9DF5A95E7DA0}
		{EB60DEE3-A2C3-42B4-A5E2-6AB0F6581FDD} = {903EADDD-8EDF-4E73-B53C-9B764C5710EA}
		{0F7EAC08-C93E-4833-901C-12F1037ED186} = {9194C845-B941-4C5D-8DB3-A7387819F8EE}
		{7804B570-0B2A-4E39-B2CE-D648EABF0918} = {F5069042-D63F-4F05-99DA-2D71DF15F875}
		{8BE04FE4-7E15-4F8B-97BE-144F6CE65A66} = {4F83F389-07BF-49AC-A9F8-50875B7FA45C}
	EndGlobalSection
	GlobalSection(ExtensibilityGlobals) = postSolution
		SolutionGuid = {CD211760-95F4-488E-A4E3-95868447BA2E}
	EndGlobalSection
EndGlobal
